<?xml version="1.0" encoding="UTF-8" standalone="yes" ?>
<CodeBlocks_project_file>
	<FileVersion major="1" minor="6" />
	<Project>
		<Option title="hawk" />
		<Option pch_mode="2" />
		<Option compiler="gcc" />
		<Build>
			<Target title="Debug">
				<Option output="bin\Debug\hawk.exe" prefix_auto="1" extension_auto="1" />
				<Option working_dir="bin\Debug\" />
				<Option object_output="obj\Debug\" />
				<Option type="1" />
				<Option compiler="gcc" />
				<Compiler>
					<Add option="-g" />
					<Add option="-D_DEBUG" />
				</Compiler>
				<Linker>
					<Add library="OgreMain_d" />
				</Linker>
			</Target>
			<Target title="Release">
				<Option output="bin\Release\hawk.exe" prefix_auto="1" extension_auto="1" />
				<Option working_dir="bin\Release\" />
				<Option object_output="obj\Release\" />
				<Option type="1" />
				<Option compiler="gcc" />
				<Compiler>
					<Add option="-O2" />
					<Add option="-D_RELEASE" />
				</Compiler>
				<Linker>
					<Add option="-s" />
					<Add library="OgreMain" />
				</Linker>
			</Target>
		</Build>
		<Compiler>
			<Add option="-Wall" />
		</Compiler>
		<Unit filename="display.cpp" />
		<Unit filename="display.h" />
		<Unit filename="game.cpp" />
		<Unit filename="game.h" />
		<Unit filename="globals.cpp" />
		<Unit filename="globals.h" />
		<Unit filename="main.cpp" />
		<Unit filename="movable.cpp" />
		<Unit filename="movable.h" />
		<Unit filename="object.cpp" />
		<Unit filename="object.h" />
		<Unit filename="state.cpp" />
		<Unit filename="state.h" />
		<Unit filename="statemachine.cpp" />
		<Unit filename="statemachine.h" />
		<Extensions>
			<code_completion />
		</Extensions>
	</Project>
</CodeBlocks_project_file>
